
Microsoft Visual Studio Solution File, Format Version 11.00
# Visual Studio 2010
Project("{FAE04EC0-301F-11D3-BF4B-00C04F79EFBC}") = "ePubFixer", "ePubFixer\ePubFixer.csproj", "{5D802A68-8AF6-4B3B-BE1E-A32519B8D9D7}"
EndProject
Project("{FAE04EC0-301F-11D3-BF4B-00C04F79EFBC}") = "ePubFixer_cli", "ePubFixer_cli\ePubFixer_cli.csproj", "{BE10DD35-C53E-4F1C-9EFA-F373A74F8BFC}"
EndProject
Global
	GlobalSection(SubversionScc) = preSolution
		Svn-Managed = True
		Manager = AnkhSVN - Subversion Support for Visual Studio
	EndGlobalSection
	GlobalSection(SolutionConfigurationPlatforms) = preSolution
		Debug|x86 = Debug|x86
		Release_DRM|x86 = Release_DRM|x86
		Release|x86 = Release|x86
	EndGlobalSection
	GlobalSection(ProjectConfigurationPlatforms) = postSolution
		{5D802A68-8AF6-4B3B-BE1E-A32519B8D9D7}.Debug|x86.ActiveCfg = Debug|x86
		{5D802A68-8AF6-4B3B-BE1E-A32519B8D9D7}.Debug|x86.Build.0 = Debug|x86
		{5D802A68-8AF6-4B3B-BE1E-A32519B8D9D7}.Release_DRM|x86.ActiveCfg = Release_DRM|x86
		{5D802A68-8AF6-4B3B-BE1E-A32519B8D9D7}.Release_DRM|x86.Build.0 = Release_DRM|x86
		{5D802A68-8AF6-4B3B-BE1E-A32519B8D9D7}.Release|x86.ActiveCfg = Release|x86
		{5D802A68-8AF6-4B3B-BE1E-A32519B8D9D7}.Release|x86.Build.0 = Release|x86
		{BE10DD35-C53E-4F1C-9EFA-F373A74F8BFC}.Debug|x86.ActiveCfg = Debug|x86
		{BE10DD35-C53E-4F1C-9EFA-F373A74F8BFC}.Debug|x86.Build.0 = Debug|x86
		{BE10DD35-C53E-4F1C-9EFA-F373A74F8BFC}.Release_DRM|x86.ActiveCfg = Release|x86
		{BE10DD35-C53E-4F1C-9EFA-F373A74F8BFC}.Release_DRM|x86.Build.0 = Release|x86
		{BE10DD35-C53E-4F1C-9EFA-F373A74F8BFC}.Release|x86.ActiveCfg = Release|x86
		{BE10DD35-C53E-4F1C-9EFA-F373A74F8BFC}.Release|x86.Build.0 = Release|x86
	EndGlobalSection
	GlobalSection(SolutionProperties) = preSolution
		HideSolutionNode = FALSE
	EndGlobalSection
EndGlobal
